
Microsoft Visual Studio Solution File, Format Version 12.00
# Visual Studio Version 17
VisualStudioVersion = 17.1.32407.343
MinimumVisualStudioVersion = 10.0.40219.1
Project("{FAE04EC0-301F-11D3-BF4B-00C04F79EFBC}") = "DataStructuresAndAlgorithms.Lib", "DataStructuresAndAlgorithms.Lib\DataStructuresAndAlgorithms.Lib.csproj", "{FA9A1320-68B2-48F0-96C2-3497081EFB7F}"
EndProject
Project("{FAE04EC0-301F-11D3-BF4B-00C04F79EFBC}") = "DataStructuresAndAlgorithms.Tests", "DataStructuresAndAlgorithms.Tests\DataStructuresAndAlgorithms.Tests.csproj", "{FC5DD456-DD8D-41CD-BD32-FFAF721F5DCD}"
EndProject
Project("{FAE04EC0-301F-11D3-BF4B-00C04F79EFBC}") = "DataStructuresAndAlgorithms.App", "DataStructuresAndAlgorithms.App\DataStructuresAndAlgorithms.App.csproj", "{B0FBA7FD-7803-498A-BBD8-A8438ABFFEFC}"
EndProject
Global
	GlobalSection(SolutionConfigurationPlatforms) = preSolution
		Debug|Any CPU = Debug|Any CPU
		Release|Any CPU = Release|Any CPU
	EndGlobalSection
	GlobalSection(ProjectConfigurationPlatforms) = postSolution
		{FA9A1320-68B2-48F0-96C2-3497081EFB7F}.Debug|Any CPU.ActiveCfg = Debug|Any CPU
		{FA9A1320-68B2-48F0-96C2-3497081EFB7F}.Debug|Any CPU.Build.0 = Debug|Any CPU
		{FA9A1320-68B2-48F0-96C2-3497081EFB7F}.Release|Any CPU.ActiveCfg = Release|Any CPU
		{FA9A1320-68B2-48F0-96C2-3497081EFB7F}.Release|Any CPU.Build.0 = Release|Any CPU
		{FC5DD456-DD8D-41CD-BD32-FFAF721F5DCD}.Debug|Any CPU.ActiveCfg = Debug|Any CPU
		{FC5DD456-DD8D-41CD-BD32-FFAF721F5DCD}.Debug|Any CPU.Build.0 = Debug|Any CPU
		{FC5DD456-DD8D-41CD-BD32-FFAF721F5DCD}.Release|Any CPU.ActiveCfg = Release|Any CPU
		{FC5DD456-DD8D-41CD-BD32-FFAF721F5DCD}.Release|Any CPU.Build.0 = Release|Any CPU
		{B0FBA7FD-7803-498A-BBD8-A8438ABFFEFC}.Debug|Any CPU.ActiveCfg = Debug|Any CPU
		{B0FBA7FD-7803-498A-BBD8-A8438ABFFEFC}.Debug|Any CPU.Build.0 = Debug|Any CPU
		{B0FBA7FD-7803-498A-BBD8-A8438ABFFEFC}.Release|Any CPU.ActiveCfg = Release|Any CPU
		{B0FBA7FD-7803-498A-BBD8-A8438ABFFEFC}.Release|Any CPU.Build.0 = Release|Any CPU
	EndGlobalSection
	GlobalSection(SolutionProperties) = preSolution
		HideSolutionNode = FALSE
	EndGlobalSection
	GlobalSection(ExtensibilityGlobals) = postSolution
		SolutionGuid = {0355D1EE-9498-4A36-A317-5477DA8B85E8}
	EndGlobalSection
EndGlobal
